// !$*UTF8*$!
{
	archiveVersion = 1;
	classes = {
	};
	objectVersion = 50;
	objects = {

/* Begin PBXBuildFile section */
		5509393B25CBA88B00677C27 /* AppDelegate.swift in Sources */ = {isa = PBXBuildFile; fileRef = 5509393A25CBA88B00677C27 /* AppDelegate.swift */; };
		5509393D25CBA88B00677C27 /* SceneDelegate.swift in Sources */ = {isa = PBXBuildFile; fileRef = 5509393C25CBA88B00677C27 /* SceneDelegate.swift */; };
		5509393F25CBA88B00677C27 /* WelcomeVC.swift in Sources */ = {isa = PBXBuildFile; fileRef = 5509393E25CBA88B00677C27 /* WelcomeVC.swift */; };
		5509394225CBA88B00677C27 /* Main.storyboard in Resources */ = {isa = PBXBuildFile; fileRef = 5509394025CBA88B00677C27 /* Main.storyboard */; };
		5509394425CBA88F00677C27 /* Assets.xcassets in Resources */ = {isa = PBXBuildFile; fileRef = 5509394325CBA88F00677C27 /* Assets.xcassets */; };
		5509394725CBA88F00677C27 /* LaunchScreen.storyboard in Resources */ = {isa = PBXBuildFile; fileRef = 5509394525CBA88F00677C27 /* LaunchScreen.storyboard */; };
		5509395525CBAD9500677C27 /* Extension.swift in Sources */ = {isa = PBXBuildFile; fileRef = 5509395425CBAD9500677C27 /* Extension.swift */; };
		5509395825CBAE4300677C27 /* TabbarVC.swift in Sources */ = {isa = PBXBuildFile; fileRef = 5509395725CBAE4300677C27 /* TabbarVC.swift */; };
		5509395C25CBAF1200677C27 /* Util.swift in Sources */ = {isa = PBXBuildFile; fileRef = 5509395B25CBAF1200677C27 /* Util.swift */; };
		5509395F25CBBD4B00677C27 /* ScoreVC.swift in Sources */ = {isa = PBXBuildFile; fileRef = 5509395E25CBBD4B00677C27 /* ScoreVC.swift */; };
		5509396325CBBE3A00677C27 /* ScoreTblCell.swift in Sources */ = {isa = PBXBuildFile; fileRef = 5509396225CBBE3A00677C27 /* ScoreTblCell.swift */; };
		5509396625CBBE4800677C27 /* ScoreTblCell.xib in Resources */ = {isa = PBXBuildFile; fileRef = 5509396525CBBE4800677C27 /* ScoreTblCell.xib */; };
		5509396925CBC7E300677C27 /* DataArrays.swift in Sources */ = {isa = PBXBuildFile; fileRef = 5509396825CBC7E300677C27 /* DataArrays.swift */; };
		5509396C25CBD27100677C27 /* PlayerDetailVC.swift in Sources */ = {isa = PBXBuildFile; fileRef = 5509396B25CBD27100677C27 /* PlayerDetailVC.swift */; };
		5509396F25CC00BF00677C27 /* PlayVC.swift in Sources */ = {isa = PBXBuildFile; fileRef = 5509396E25CC00BF00677C27 /* PlayVC.swift */; };
		5509397225CC02A400677C27 /* PlayCollCell.swift in Sources */ = {isa = PBXBuildFile; fileRef = 5509397125CC02A400677C27 /* PlayCollCell.swift */; };
		5509397525CC068F00677C27 /* Define.swift in Sources */ = {isa = PBXBuildFile; fileRef = 5509397425CC068F00677C27 /* Define.swift */; };
		5509397825CC182C00677C27 /* AlarmVC.swift in Sources */ = {isa = PBXBuildFile; fileRef = 5509397725CC182C00677C27 /* AlarmVC.swift */; };
/* End PBXBuildFile section */

/* Begin PBXFileReference section */
		5509393725CBA88B00677C27 /* Demo3.app */ = {isa = PBXFileReference; explicitFileType = wrapper.application; includeInIndex = 0; path = Demo3.app; sourceTree = BUILT_PRODUCTS_DIR; };
		5509393A25CBA88B00677C27 /* AppDelegate.swift */ = {isa = PBXFileReference; lastKnownFileType = sourcecode.swift; path = AppDelegate.swift; sourceTree = "<group>"; };
		5509393C25CBA88B00677C27 /* SceneDelegate.swift */ = {isa = PBXFileReference; lastKnownFileType = sourcecode.swift; path = SceneDelegate.swift; sourceTree = "<group>"; };
		5509393E25CBA88B00677C27 /* WelcomeVC.swift */ = {isa = PBXFileReference; lastKnownFileType = sourcecode.swift; path = WelcomeVC.swift; sourceTree = "<group>"; };
		5509394125CBA88B00677C27 /* Base */ = {isa = PBXFileReference; lastKnownFileType = file.storyboard; name = Base; path = Base.lproj/Main.storyboard; sourceTree = "<group>"; };
		5509394325CBA88F00677C27 /* Assets.xcassets */ = {isa = PBXFileReference; lastKnownFileType = folder.assetcatalog; path = Assets.xcassets; sourceTree = "<group>"; };
		5509394625CBA88F00677C27 /* Base */ = {isa = PBXFileReference; lastKnownFileType = file.storyboard; name = Base; path = Base.lproj/LaunchScreen.storyboard; sourceTree = "<group>"; };
		5509394825CBA88F00677C27 /* Info.plist */ = {isa = PBXFileReference; lastKnownFileType = text.plist.xml; path = Info.plist; sourceTree = "<group>"; };
		5509395425CBAD9500677C27 /* Extension.swift */ = {isa = PBXFileReference; fileEncoding = 4; lastKnownFileType = sourcecode.swift; path = Extension.swift; sourceTree = "<group>"; };
		5509395725CBAE4300677C27 /* TabbarVC.swift */ = {isa = PBXFileReference; lastKnownFileType = sourcecode.swift; path = TabbarVC.swift; sourceTree = "<group>"; };
		5509395B25CBAF1200677C27 /* Util.swift */ = {isa = PBXFileReference; lastKnownFileType = sourcecode.swift; path = Util.swift; sourceTree = "<group>"; };
		5509395E25CBBD4B00677C27 /* ScoreVC.swift */ = {isa = PBXFileReference; lastKnownFileType = sourcecode.swift; path = ScoreVC.swift; sourceTree = "<group>"; };
		5509396225CBBE3A00677C27 /* ScoreTblCell.swift */ = {isa = PBXFileReference; lastKnownFileType = sourcecode.swift; path = ScoreTblCell.swift; sourceTree = "<group>"; };
		5509396525CBBE4800677C27 /* ScoreTblCell.xib */ = {isa = PBXFileReference; lastKnownFileType = file.xib; path = ScoreTblCell.xib; sourceTree = "<group>"; };
		5509396825CBC7E300677C27 /* DataArrays.swift */ = {isa = PBXFileReference; fileEncoding = 4; lastKnownFileType = sourcecode.swift; path = DataArrays.swift; sourceTree = "<group>"; };
		5509396B25CBD27100677C27 /* PlayerDetailVC.swift */ = {isa = PBXFileReference; lastKnownFileType = sourcecode.swift; path = PlayerDetailVC.swift; sourceTree = "<group>"; };
		5509396E25CC00BF00677C27 /* PlayVC.swift */ = {isa = PBXFileReference; lastKnownFileType = sourcecode.swift; path = PlayVC.swift; sourceTree = "<group>"; };
		5509397125CC02A400677C27 /* PlayCollCell.swift */ = {isa = PBXFileReference; lastKnownFileType = sourcecode.swift; path = PlayCollCell.swift; sourceTree = "<group>"; };
		5509397425CC068F00677C27 /* Define.swift */ = {isa = PBXFileReference; lastKnownFileType = sourcecode.swift; path = Define.swift; sourceTree = "<group>"; };
		5509397725CC182C00677C27 /* AlarmVC.swift */ = {isa = PBXFileReference; lastKnownFileType = sourcecode.swift; path = AlarmVC.swift; sourceTree = "<group>"; };
/* End PBXFileReference section */

/* Begin PBXFrameworksBuildPhase section */
		5509393425CBA88B00677C27 /* Frameworks */ = {
			isa = PBXFrameworksBuildPhase;
			buildActionMask = 2147483647;
			files = (
			);
			runOnlyForDeploymentPostprocessing = 0;
		};
/* End PBXFrameworksBuildPhase section */

/* Begin PBXGroup section */
		5509392E25CBA88B00677C27 = {
			isa = PBXGroup;
			children = (
				5509393925CBA88B00677C27 /* Demo3 */,
				5509393825CBA88B00677C27 /* Products */,
			);
			sourceTree = "<group>";
		};
		5509393825CBA88B00677C27 /* Products */ = {
			isa = PBXGroup;
			children = (
				5509393725CBA88B00677C27 /* Demo3.app */,
			);
			name = Products;
			sourceTree = "<group>";
		};
		5509393925CBA88B00677C27 /* Demo3 */ = {
			isa = PBXGroup;
			children = (
				5509393A25CBA88B00677C27 /* AppDelegate.swift */,
				5509393C25CBA88B00677C27 /* SceneDelegate.swift */,
				5509395025CBA93800677C27 /* View Controllers */,
				5509396125CBBE0900677C27 /* Cell */,
				5509395A25CBAE9600677C27 /* Model */,
				5509395325CBAD2800677C27 /* Extension */,
				5509395125CBA95300677C27 /* Views */,
				5509394325CBA88F00677C27 /* Assets.xcassets */,
				5509394825CBA88F00677C27 /* Info.plist */,
			);
			path = Demo3;
			sourceTree = "<group>";
		};
		5509395025CBA93800677C27 /* View Controllers */ = {
			isa = PBXGroup;
			children = (
				5509393E25CBA88B00677C27 /* WelcomeVC.swift */,
				5509395725CBAE4300677C27 /* TabbarVC.swift */,
				5509395E25CBBD4B00677C27 /* ScoreVC.swift */,
				5509396B25CBD27100677C27 /* PlayerDetailVC.swift */,
				5509396E25CC00BF00677C27 /* PlayVC.swift */,
				5509397725CC182C00677C27 /* AlarmVC.swift */,
			);
			path = "View Controllers";
			sourceTree = "<group>";
		};
		5509395125CBA95300677C27 /* Views */ = {
			isa = PBXGroup;
			children = (
				5509394025CBA88B00677C27 /* Main.storyboard */,
				5509394525CBA88F00677C27 /* LaunchScreen.storyboard */,
			);
			path = Views;
			sourceTree = "<group>";
		};
		5509395325CBAD2800677C27 /* Extension */ = {
			isa = PBXGroup;
			children = (
				5509395425CBAD9500677C27 /* Extension.swift */,
			);
			path = Extension;
			sourceTree = "<group>";
		};
		5509395A25CBAE9600677C27 /* Model */ = {
			isa = PBXGroup;
			children = (
				5509396825CBC7E300677C27 /* DataArrays.swift */,
				5509395B25CBAF1200677C27 /* Util.swift */,
				5509397425CC068F00677C27 /* Define.swift */,
			);
			path = Model;
			sourceTree = "<group>";
		};
		5509396125CBBE0900677C27 /* Cell */ = {
			isa = PBXGroup;
			children = (
				5509396225CBBE3A00677C27 /* ScoreTblCell.swift */,
				5509396525CBBE4800677C27 /* ScoreTblCell.xib */,
				5509397125CC02A400677C27 /* PlayCollCell.swift */,
			);
			path = Cell;
			sourceTree = "<group>";
		};
/* End PBXGroup section */

/* Begin PBXNativeTarget section */
		5509393625CBA88B00677C27 /* Demo3 */ = {
			isa = PBXNativeTarget;
			buildConfigurationList = 5509394B25CBA88F00677C27 /* Build configuration list for PBXNativeTarget "Demo3" */;
			buildPhases = (
				5509393325CBA88B00677C27 /* Sources */,
				5509393425CBA88B00677C27 /* Frameworks */,
				5509393525CBA88B00677C27 /* Resources */,
			);
			buildRules = (
			);
			dependencies = (
			);
			name = Demo3;
			productName = Demo3;
			productReference = 5509393725CBA88B00677C27 /* Demo3.app */;
			productType = "com.apple.product-type.application";
		};
/* End PBXNativeTarget section */

/* Begin PBXProject section */
		5509392F25CBA88B00677C27 /* Project object */ = {
			isa = PBXProject;
			attributes = {
				LastSwiftUpdateCheck = 1200;
				LastUpgradeCheck = 1200;
				TargetAttributes = {
					5509393625CBA88B00677C27 = {
						CreatedOnToolsVersion = 12.0.1;
					};
				};
			};
			buildConfigurationList = 5509393225CBA88B00677C27 /* Build configuration list for PBXProject "Demo3" */;
			compatibilityVersion = "Xcode 9.3";
			developmentRegion = en;
			hasScannedForEncodings = 0;
			knownRegions = (
				en,
				Base,
			);
			mainGroup = 5509392E25CBA88B00677C27;
			productRefGroup = 5509393825CBA88B00677C27 /* Products */;
			projectDirPath = "";
			projectRoot = "";
			targets = (
				5509393625CBA88B00677C27 /* Demo3 */,
			);
		};
/* End PBXProject section */

/* Begin PBXResourcesBuildPhase section */
		5509393525CBA88B00677C27 /* Resources */ = {
			isa = PBXResourcesBuildPhase;
			buildActionMask = 2147483647;
			files = (
				5509394725CBA88F00677C27 /* LaunchScreen.storyboard in Resources */,
				5509394425CBA88F00677C27 /* Assets.xcassets in Resources */,
				5509394225CBA88B00677C27 /* Main.storyboard in Resources */,
				5509396625CBBE4800677C27 /* ScoreTblCell.xib in Resources */,
			);
			runOnlyForDeploymentPostprocessing = 0;
		};
/* End PBXResourcesBuildPhase section */

/* Begin PBXSourcesBuildPhase section */
		5509393325CBA88B00677C27 /* Sources */ = {
			isa = PBXSourcesBuildPhase;
			buildActionMask = 2147483647;
			files = (
				5509397825CC182C00677C27 /* AlarmVC.swift in Sources */,
				5509396F25CC00BF00677C27 /* PlayVC.swift in Sources */,
				5509397225CC02A400677C27 /* PlayCollCell.swift in Sources */,
				5509393F25CBA88B00677C27 /* WelcomeVC.swift in Sources */,
				5509395C25CBAF1200677C27 /* Util.swift in Sources */,
				5509395F25CBBD4B00677C27 /* ScoreVC.swift in Sources */,
				5509396325CBBE3A00677C27 /* ScoreTblCell.swift in Sources */,
				5509393B25CBA88B00677C27 /* AppDelegate.swift in Sources */,
				5509393D25CBA88B00677C27 /* SceneDelegate.swift in Sources */,
				5509396C25CBD27100677C27 /* PlayerDetailVC.swift in Sources */,
				5509396925CBC7E300677C27 /* DataArrays.swift in Sources */,
				5509397525CC068F00677C27 /* Define.swift in Sources */,
				5509395525CBAD9500677C27 /* Extension.swift in Sources */,
				5509395825CBAE4300677C27 /* TabbarVC.swift in Sources */,
			);
			runOnlyForDeploymentPostprocessing = 0;
		};
/* End PBXSourcesBuildPhase section */

/* Begin PBXVariantGroup section */
		5509394025CBA88B00677C27 /* Main.storyboard */ = {
			isa = PBXVariantGroup;
			children = (
				5509394125CBA88B00677C27 /* Base */,
			);
			name = Main.storyboard;
			sourceTree = "<group>";
		};
		5509394525CBA88F00677C27 /* LaunchScreen.storyboard */ = {
			isa = PBXVariantGroup;
			children = (
				5509394625CBA88F00677C27 /* Base */,
			);
			name = LaunchScreen.storyboard;
			sourceTree = "<group>";
		};
/* End PBXVariantGroup section */

/* Begin XCBuildConfiguration section */
		5509394925CBA88F00677C27 /* Debug */ = {
			isa = XCBuildConfiguration;
			buildSettings = {
				ALWAYS_SEARCH_USER_PATHS = NO;
				CLANG_ANALYZER_NONNULL = YES;
				CLANG_ANALYZER_NUMBER_OBJECT_CONVERSION = YES_AGGRESSIVE;
				CLANG_CXX_LANGUAGE_STANDARD = "gnu++14";
				CLANG_CXX_LIBRARY = "libc++";
				CLANG_ENABLE_MODULES = YES;
				CLANG_ENABLE_OBJC_ARC = YES;
				CLANG_ENABLE_OBJC_WEAK = YES;
				CLANG_WARN_BLOCK_CAPTURE_AUTORELEASING = YES;
				CLANG_WARN_BOOL_CONVERSION = YES;
				CLANG_WARN_COMMA = YES;
				CLANG_WARN_CONSTANT_CONVERSION = YES;
				CLANG_WARN_DEPRECATED_OBJC_IMPLEMENTATIONS = YES;
				CLANG_WARN_DIRECT_OBJC_ISA_USAGE = YES_ERROR;
				CLANG_WARN_DOCUMENTATION_COMMENTS = YES;
				CLANG_WARN_EMPTY_BODY = YES;
				CLANG_WARN_ENUM_CONVERSION = YES;
				CLANG_WARN_INFINITE_RECURSION = YES;
				CLANG_WARN_INT_CONVERSION = YES;
				CLANG_WARN_NON_LITERAL_NULL_CONVERSION = YES;
				CLANG_WARN_OBJC_IMPLICIT_RETAIN_SELF = YES;
				CLANG_WARN_OBJC_LITERAL_CONVERSION = YES;
				CLANG_WARN_OBJC_ROOT_CLASS = YES_ERROR;
				CLANG_WARN_QUOTED_INCLUDE_IN_FRAMEWORK_HEADER = YES;
				CLANG_WARN_RANGE_LOOP_ANALYSIS = YES;
				CLANG_WARN_STRICT_PROTOTYPES = YES;
				CLANG_WARN_SUSPICIOUS_MOVE = YES;
				CLANG_WARN_UNGUARDED_AVAILABILITY = YES_AGGRESSIVE;
				CLANG_WARN_UNREACHABLE_CODE = YES;
				CLANG_WARN__DUPLICATE_METHOD_MATCH = YES;
				COPY_PHASE_STRIP = NO;
				DEBUG_INFORMATION_FORMAT = dwarf;
				ENABLE_STRICT_OBJC_MSGSEND = YES;
				ENABLE_TESTABILITY = YES;
				GCC_C_LANGUAGE_STANDARD = gnu11;
				GCC_DYNAMIC_NO_PIC = NO;
				GCC_NO_COMMON_BLOCKS = YES;
				GCC_OPTIMIZATION_LEVEL = 0;
				GCC_PREPROCESSOR_DEFINITIONS = (
					"DEBUG=1",
					"$(inherited)",
				);
				GCC_WARN_64_TO_32_BIT_CONVERSION = YES;
				GCC_WARN_ABOUT_RETURN_TYPE = YES_ERROR;
				GCC_WARN_UNDECLARED_SELECTOR = YES;
				GCC_WARN_UNINITIALIZED_AUTOS = YES_AGGRESSIVE;
				GCC_WARN_UNUSED_FUNCTION = YES;
				GCC_WARN_UNUSED_VARIABLE = YES;
				IPHONEOS_DEPLOYMENT_TARGET = 14.0;
				MTL_ENABLE_DEBUG_INFO = INCLUDE_SOURCE;
				MTL_FAST_MATH = YES;
				ONLY_ACTIVE_ARCH = YES;
				SDKROOT = iphoneos;
				SWIFT_ACTIVE_COMPILATION_CONDITIONS = DEBUG;
				SWIFT_OPTIMIZATION_LEVEL = "-Onone";
			};
			name = Debug;
		};
		5509394A25CBA88F00677C27 /* Release */ = {
			isa = XCBuildConfiguration;
			buildSettings = {
				ALWAYS_SEARCH_USER_PATHS = NO;
				CLANG_ANALYZER_NONNULL = YES;
				CLANG_ANALYZER_NUMBER_OBJECT_CONVERSION = YES_AGGRESSIVE;
				CLANG_CXX_LANGUAGE_STANDARD = "gnu++14";
				CLANG_CXX_LIBRARY = "libc++";
				CLANG_ENABLE_MODULES = YES;
				CLANG_ENABLE_OBJC_ARC = YES;
				CLANG_ENABLE_OBJC_WEAK = YES;
				CLANG_WARN_BLOCK_CAPTURE_AUTORELEASING = YES;
				CLANG_WARN_BOOL_CONVERSION = YES;
				CLANG_WARN_COMMA = YES;
				CLANG_WARN_CONSTANT_CONVERSION = YES;
				CLANG_WARN_DEPRECATED_OBJC_IMPLEMENTATIONS = YES;
				CLANG_WARN_DIRECT_OBJC_ISA_USAGE = YES_ERROR;
				CLANG_WARN_DOCUMENTATION_COMMENTS = YES;
				CLANG_WARN_EMPTY_BODY = YES;
				CLANG_WARN_ENUM_CONVERSION = YES;
				CLANG_WARN_INFINITE_RECURSION = YES;
				CLANG_WARN_INT_CONVERSION = YES;
				CLANG_WARN_NON_LITERAL_NULL_CONVERSION = YES;
				CLANG_WARN_OBJC_IMPLICIT_RETAIN_SELF = YES;
				CLANG_WARN_OBJC_LITERAL_CONVERSION = YES;
				CLANG_WARN_OBJC_ROOT_CLASS = YES_ERROR;
				CLANG_WARN_QUOTED_INCLUDE_IN_FRAMEWORK_HEADER = YES;
				CLANG_WARN_RANGE_LOOP_ANALYSIS = YES;
				CLANG_WARN_STRICT_PROTOTYPES = YES;
				CLANG_WARN_SUSPICIOUS_MOVE = YES;
				CLANG_WARN_UNGUARDED_AVAILABILITY = YES_AGGRESSIVE;
				CLANG_WARN_UNREACHABLE_CODE = YES;
				CLANG_WARN__DUPLICATE_METHOD_MATCH = YES;
				COPY_PHASE_STRIP = NO;
				DEBUG_INFORMATION_FORMAT = "dwarf-with-dsym";
				ENABLE_NS_ASSERTIONS = NO;
				ENABLE_STRICT_OBJC_MSGSEND = YES;
				GCC_C_LANGUAGE_STANDARD = gnu11;
				GCC_NO_COMMON_BLOCKS = YES;
				GCC_WARN_64_TO_32_BIT_CONVERSION = YES;
				GCC_WARN_ABOUT_RETURN_TYPE = YES_ERROR;
				GCC_WARN_UNDECLARED_SELECTOR = YES;
				GCC_WARN_UNINITIALIZED_AUTOS = YES_AGGRESSIVE;
				GCC_WARN_UNUSED_FUNCTION = YES;
				GCC_WARN_UNUSED_VARIABLE = YES;
				IPHONEOS_DEPLOYMENT_TARGET = 14.0;
				MTL_ENABLE_DEBUG_INFO = NO;
				MTL_FAST_MATH = YES;
				SDKROOT = iphoneos;
				SWIFT_COMPILATION_MODE = wholemodule;
				SWIFT_OPTIMIZATION_LEVEL = "-O";
				VALIDATE_PRODUCT = YES;
			};
			name = Release;
		};
		5509394C25CBA88F00677C27 /* Debug */ = {
			isa = XCBuildConfiguration;
			buildSettings = {
				ASSETCATALOG_COMPILER_APPICON_NAME = AppIcon;
				ASSETCATALOG_COMPILER_GLOBAL_ACCENT_COLOR_NAME = AccentColor;
				CODE_SIGN_STYLE = Automatic;
				INFOPLIST_FILE = Demo3/Info.plist;
				LD_RUNPATH_SEARCH_PATHS = (
					"$(inherited)",
					"@executable_path/Frameworks",
				);
				PRODUCT_BUNDLE_IDENTIFIER = rahul.Demo3;
				PRODUCT_NAME = "$(TARGET_NAME)";
				SWIFT_VERSION = 5.0;
				TARGETED_DEVICE_FAMILY = 1;
			};
			name = Debug;
		};
		5509394D25CBA88F00677C27 /* Release */ = {
			isa = XCBuildConfiguration;
			buildSettings = {
				ASSETCATALOG_COMPILER_APPICON_NAME = AppIcon;
				ASSETCATALOG_COMPILER_GLOBAL_ACCENT_COLOR_NAME = AccentColor;
				CODE_SIGN_STYLE = Automatic;
				INFOPLIST_FILE = Demo3/Info.plist;
				LD_RUNPATH_SEARCH_PATHS = (
					"$(inherited)",
					"@executable_path/Frameworks",
				);
				PRODUCT_BUNDLE_IDENTIFIER = rahul.Demo3;
				PRODUCT_NAME = "$(TARGET_NAME)";
				SWIFT_VERSION = 5.0;
				TARGETED_DEVICE_FAMILY = 1;
			};
			name = Release;
		};
/* End XCBuildConfiguration section */

/* Begin XCConfigurationList section */
		5509393225CBA88B00677C27 /* Build configuration list for PBXProject "Demo3" */ = {
			isa = XCConfigurationList;
			buildConfigurations = (
				5509394925CBA88F00677C27 /* Debug */,
				5509394A25CBA88F00677C27 /* Release */,
			);
			defaultConfigurationIsVisible = 0;
			defaultConfigurationName = Release;
		};
		5509394B25CBA88F00677C27 /* Build configuration list for PBXNativeTarget "Demo3" */ = {
			isa = XCConfigurationList;
			buildConfigurations = (
				5509394C25CBA88F00677C27 /* Debug */,
				5509394D25CBA88F00677C27 /* Release */,
			);
			defaultConfigurationIsVisible = 0;
			defaultConfigurationName = Release;
		};
/* End XCConfigurationList section */
	};
	rootObject = 5509392F25CBA88B00677C27 /* Project object */;
}
